
Microsoft Visual Studio Solution File, Format Version 12.00
# Visual Studio Version 16
VisualStudioVersion = 16.0.34931.43
MinimumVisualStudioVersion = 10.0.40219.1
Project("{FAE04EC0-301F-11D3-BF4B-00C04F79EFBC}") = "InterfazUsuario", "InterfazUsuario\InterfazUsuario.csproj", "{B1532DF3-4C11-46D5-A303-50F46A49FD2C}"
EndProject
Project("{FAE04EC0-301F-11D3-BF4B-00C04F79EFBC}") = "Dominio", "Dominio\Dominio.csproj", "{5A83C9A8-B474-482D-9D82-133379D2D6B3}"
EndProject
Project("{FAE04EC0-301F-11D3-BF4B-00C04F79EFBC}") = "LogicaNegocio", "LogicaNegocio\LogicaNegocio.csproj", "{909B13AA-AB6E-4FFD-B8A0-187CD0F8E056}"
EndProject
Project("{FAE04EC0-301F-11D3-BF4B-00C04F79EFBC}") = "AccesoDatos", "AccesoDatos\AccesoDatos.csproj", "{5FE01E01-9120-45DB-BB51-EB8BCF13328E}"
EndProject
Global
	GlobalSection(SolutionConfigurationPlatforms) = preSolution
		Debug|Any CPU = Debug|Any CPU
		Release|Any CPU = Release|Any CPU
	EndGlobalSection
	GlobalSection(ProjectConfigurationPlatforms) = postSolution
		{B1532DF3-4C11-46D5-A303-50F46A49FD2C}.Debug|Any CPU.ActiveCfg = Debug|Any CPU
		{B1532DF3-4C11-46D5-A303-50F46A49FD2C}.Debug|Any CPU.Build.0 = Debug|Any CPU
		{B1532DF3-4C11-46D5-A303-50F46A49FD2C}.Release|Any CPU.ActiveCfg = Release|Any CPU
		{B1532DF3-4C11-46D5-A303-50F46A49FD2C}.Release|Any CPU.Build.0 = Release|Any CPU
		{5A83C9A8-B474-482D-9D82-133379D2D6B3}.Debug|Any CPU.ActiveCfg = Debug|Any CPU
		{5A83C9A8-B474-482D-9D82-133379D2D6B3}.Debug|Any CPU.Build.0 = Debug|Any CPU
		{5A83C9A8-B474-482D-9D82-133379D2D6B3}.Release|Any CPU.ActiveCfg = Release|Any CPU
		{5A83C9A8-B474-482D-9D82-133379D2D6B3}.Release|Any CPU.Build.0 = Release|Any CPU
		{909B13AA-AB6E-4FFD-B8A0-187CD0F8E056}.Debug|Any CPU.ActiveCfg = Debug|Any CPU
		{909B13AA-AB6E-4FFD-B8A0-187CD0F8E056}.Debug|Any CPU.Build.0 = Debug|Any CPU
		{909B13AA-AB6E-4FFD-B8A0-187CD0F8E056}.Release|Any CPU.ActiveCfg = Release|Any CPU
		{909B13AA-AB6E-4FFD-B8A0-187CD0F8E056}.Release|Any CPU.Build.0 = Release|Any CPU
		{5FE01E01-9120-45DB-BB51-EB8BCF13328E}.Debug|Any CPU.ActiveCfg = Debug|Any CPU
		{5FE01E01-9120-45DB-BB51-EB8BCF13328E}.Debug|Any CPU.Build.0 = Debug|Any CPU
		{5FE01E01-9120-45DB-BB51-EB8BCF13328E}.Release|Any CPU.ActiveCfg = Release|Any CPU
		{5FE01E01-9120-45DB-BB51-EB8BCF13328E}.Release|Any CPU.Build.0 = Release|Any CPU
	EndGlobalSection
	GlobalSection(SolutionProperties) = preSolution
		HideSolutionNode = FALSE
	EndGlobalSection
	GlobalSection(ExtensibilityGlobals) = postSolution
		SolutionGuid = {3C7860F9-17E4-413C-BA79-7D519D5C47CB}
	EndGlobalSection
EndGlobal
